
Microsoft Visual Studio Solution File, Format Version 12.00
# Visual Studio Version 17
VisualStudioVersion = 17.0.32112.339
MinimumVisualStudioVersion = 10.0.40219.1
Project("{9A19103F-16F7-4668-BE54-9A1E7A4F7556}") = "CV_Niraj_Parmar", "CV_Niraj_Parmar\CV_Niraj_Parmar.csproj", "{37C03FD4-5A7D-45C9-9061-8810E684E3B5}"
EndProject
Global
	GlobalSection(SolutionConfigurationPlatforms) = preSolution
		Debug|Any CPU = Debug|Any CPU
		Release|Any CPU = Release|Any CPU
	EndGlobalSection
	GlobalSection(ProjectConfigurationPlatforms) = postSolution
		{37C03FD4-5A7D-45C9-9061-8810E684E3B5}.Debug|Any CPU.ActiveCfg = Debug|Any CPU
		{37C03FD4-5A7D-45C9-9061-8810E684E3B5}.Debug|Any CPU.Build.0 = Debug|Any CPU
		{37C03FD4-5A7D-45C9-9061-8810E684E3B5}.Release|Any CPU.ActiveCfg = Release|Any CPU
		{37C03FD4-5A7D-45C9-9061-8810E684E3B5}.Release|Any CPU.Build.0 = Release|Any CPU
	EndGlobalSection
	GlobalSection(SolutionProperties) = preSolution
		HideSolutionNode = FALSE
	EndGlobalSection
	GlobalSection(ExtensibilityGlobals) = postSolution
		SolutionGuid = {3805FF16-86E4-4856-9FC2-618D0C084AD3}
	EndGlobalSection
EndGlobal
